// !$*UTF8*$!
{
	archiveVersion = 1;
	classes = {
	};
	objectVersion = 46;
	objects = {

/* Begin PBXBuildFile section */
		1D3A62EF176A4F6A00EDCF1A /* libGoogleAnalytics.a in Frameworks */ = {isa = PBXBuildFile; fileRef = 1D3A62EE176A4F6A00EDCF1A /* libGoogleAnalytics.a */; };
		1D3A62F3176A500D00EDCF1A /* libsqlite3.0.dylib in Frameworks */ = {isa = PBXBuildFile; fileRef = 1D3A62F2176A500D00EDCF1A /* libsqlite3.0.dylib */; };
		1D3A62F5176A502200EDCF1A /* CFNetwork.framework in Frameworks */ = {isa = PBXBuildFile; fileRef = 1D3A62F4176A502200EDCF1A /* CFNetwork.framework */; };
		231257D9163132A800EDFF3A /* Default-568h@2x.png in Resources */ = {isa = PBXBuildFile; fileRef = 231257D8163132A800EDFF3A /* Default-568h@2x.png */; };
		231257DB1631332D00EDFF3A /* AdSupport.framework in Frameworks */ = {isa = PBXBuildFile; fileRef = 231257DA1631332D00EDFF3A /* AdSupport.framework */; settings = {ATTRIBUTES = (Weak, ); }; };
		237C713914210758002DF422 /* AppDelegate.m in Sources */ = {isa = PBXBuildFile; fileRef = 237C713614210758002DF422 /* AppDelegate.m */; };
		237C713E1421081B002DF422 /* main.m in Sources */ = {isa = PBXBuildFile; fileRef = 237C713D1421081B002DF422 /* main.m */; };
		237C71411421085E002DF422 /* InfoPlist.strings in Resources */ = {isa = PBXBuildFile; fileRef = 237C713F1421085E002DF422 /* InfoPlist.strings */; };
		237C714714210873002DF422 /* MainStoryboard_iPhone.storyboard in Resources */ = {isa = PBXBuildFile; fileRef = 237C714414210873002DF422 /* MainStoryboard_iPhone.storyboard */; };
		23B83F1514210534003DAFFE /* UIKit.framework in Frameworks */ = {isa = PBXBuildFile; fileRef = 23B83F1414210534003DAFFE /* UIKit.framework */; };
		23B83F1714210534003DAFFE /* Foundation.framework in Frameworks */ = {isa = PBXBuildFile; fileRef = 23B83F1614210534003DAFFE /* Foundation.framework */; };
		23B83F1914210534003DAFFE /* CoreGraphics.framework in Frameworks */ = {isa = PBXBuildFile; fileRef = 23B83F1814210534003DAFFE /* CoreGraphics.framework */; };
		2FA6A69317A3044A0081BF75 /* libTapestry.a in Frameworks */ = {isa = PBXBuildFile; fileRef = 2F180BDC17A1CE4E00EC3F5F /* libTapestry.a */; };
/* End PBXBuildFile section */

/* Begin PBXBuildRule section */
		1D3A62ED176A4E7500EDCF1A /* PBXBuildRule */ = {
			isa = PBXBuildRule;
			compilerSpec = com.apple.compilers.proxy.script;
			fileType = sourcecode.asm;
			isEditable = 1;
			outputFiles = (
			);
			script = "# <com.apple.compilers.gcc>\n";
		};
/* End PBXBuildRule section */

/* Begin PBXContainerItemProxy section */
		2F180BDB17A1CE4E00EC3F5F /* PBXContainerItemProxy */ = {
			isa = PBXContainerItemProxy;
			containerPortal = 2F180BD617A1CE4E00EC3F5F /* Tapestry.xcodeproj */;
			proxyType = 2;
			remoteGlobalIDString = 2F180B6F17A1C3F900EC3F5F;
			remoteInfo = Tapestry;
		};
		2F180BDD17A1CE4E00EC3F5F /* PBXContainerItemProxy */ = {
			isa = PBXContainerItemProxy;
			containerPortal = 2F180BD617A1CE4E00EC3F5F /* Tapestry.xcodeproj */;
			proxyType = 2;
			remoteGlobalIDString = 2F180B8017A1C3F900EC3F5F;
			remoteInfo = TapestryTests;
		};
/* End PBXContainerItemProxy section */

/* Begin PBXFileReference section */
		1D3A62EE176A4F6A00EDCF1A /* libGoogleAnalytics.a */ = {isa = PBXFileReference; lastKnownFileType = archive.ar; path = libGoogleAnalytics.a; sourceTree = "<group>"; };
		1D3A62F0176A4F7E00EDCF1A /* GANTracker.h */ = {isa = PBXFileReference; fileEncoding = 4; lastKnownFileType = sourcecode.c.h; path = GANTracker.h; sourceTree = "<group>"; };
		1D3A62F1176A4FC100EDCF1A /* AppDelegate.h */ = {isa = PBXFileReference; fileEncoding = 4; lastKnownFileType = sourcecode.c.h; path = AppDelegate.h; sourceTree = "<group>"; };
		1D3A62F2176A500D00EDCF1A /* libsqlite3.0.dylib */ = {isa = PBXFileReference; lastKnownFileType = "compiled.mach-o.dylib"; name = libsqlite3.0.dylib; path = usr/lib/libsqlite3.0.dylib; sourceTree = SDKROOT; };
		1D3A62F4176A502200EDCF1A /* CFNetwork.framework */ = {isa = PBXFileReference; lastKnownFileType = wrapper.framework; name = CFNetwork.framework; path = System/Library/Frameworks/CFNetwork.framework; sourceTree = SDKROOT; };
		231257D8163132A800EDFF3A /* Default-568h@2x.png */ = {isa = PBXFileReference; lastKnownFileType = image.png; path = "Default-568h@2x.png"; sourceTree = "<group>"; };
		231257DA1631332D00EDFF3A /* AdSupport.framework */ = {isa = PBXFileReference; lastKnownFileType = wrapper.framework; name = AdSupport.framework; path = System/Library/Frameworks/AdSupport.framework; sourceTree = SDKROOT; };
		237C713614210758002DF422 /* AppDelegate.m */ = {isa = PBXFileReference; fileEncoding = 4; lastKnownFileType = sourcecode.c.objc; name = AppDelegate.m; path = Classes/AppDelegate.m; sourceTree = SOURCE_ROOT; };
		237C713D1421081B002DF422 /* main.m */ = {isa = PBXFileReference; fileEncoding = 4; lastKnownFileType = sourcecode.c.objc; path = main.m; sourceTree = SOURCE_ROOT; };
		237C71401421085E002DF422 /* en */ = {isa = PBXFileReference; lastKnownFileType = text.plist.strings; name = en; path = en.lproj/InfoPlist.strings; sourceTree = SOURCE_ROOT; };
		237C714514210873002DF422 /* en */ = {isa = PBXFileReference; lastKnownFileType = file.storyboard; name = en; path = en.lproj/MainStoryboard_iPhone.storyboard; sourceTree = SOURCE_ROOT; };
		237C7148142108A8002DF422 /* DemoApp-Info.plist */ = {isa = PBXFileReference; fileEncoding = 4; lastKnownFileType = text.plist.xml; path = "DemoApp-Info.plist"; sourceTree = SOURCE_ROOT; };
		23B83F1014210534003DAFFE /* DemoApp.app */ = {isa = PBXFileReference; explicitFileType = wrapper.application; includeInIndex = 0; path = DemoApp.app; sourceTree = BUILT_PRODUCTS_DIR; };
		23B83F1414210534003DAFFE /* UIKit.framework */ = {isa = PBXFileReference; lastKnownFileType = wrapper.framework; name = UIKit.framework; path = System/Library/Frameworks/UIKit.framework; sourceTree = SDKROOT; };
		23B83F1614210534003DAFFE /* Foundation.framework */ = {isa = PBXFileReference; lastKnownFileType = wrapper.framework; name = Foundation.framework; path = System/Library/Frameworks/Foundation.framework; sourceTree = SDKROOT; };
		23B83F1814210534003DAFFE /* CoreGraphics.framework */ = {isa = PBXFileReference; lastKnownFileType = wrapper.framework; name = CoreGraphics.framework; path = System/Library/Frameworks/CoreGraphics.framework; sourceTree = SDKROOT; };
		23B83F2214210534003DAFFE /* DemoApp-Prefix.pch */ = {isa = PBXFileReference; lastKnownFileType = sourcecode.c.h; path = "DemoApp-Prefix.pch"; sourceTree = "<group>"; };
		23D5C9CF159408DC000E92C2 /* MyEnabledTapadIdentifiers.h */ = {isa = PBXFileReference; fileEncoding = 4; lastKnownFileType = sourcecode.c.h; path = MyEnabledTapadIdentifiers.h; sourceTree = "<group>"; };
		2F180BD617A1CE4E00EC3F5F /* Tapestry.xcodeproj */ = {isa = PBXFileReference; lastKnownFileType = "wrapper.pb-project"; name = Tapestry.xcodeproj; path = ../Tapestry/Tapestry.xcodeproj; sourceTree = "<group>"; };
/* End PBXFileReference section */

/* Begin PBXFrameworksBuildPhase section */
		23B83F0D14210534003DAFFE /* Frameworks */ = {
			isa = PBXFrameworksBuildPhase;
			buildActionMask = 2147483647;
			files = (
				2FA6A69317A3044A0081BF75 /* libTapestry.a in Frameworks */,
				1D3A62F5176A502200EDCF1A /* CFNetwork.framework in Frameworks */,
				1D3A62F3176A500D00EDCF1A /* libsqlite3.0.dylib in Frameworks */,
				23B83F1514210534003DAFFE /* UIKit.framework in Frameworks */,
				23B83F1714210534003DAFFE /* Foundation.framework in Frameworks */,
				23B83F1914210534003DAFFE /* CoreGraphics.framework in Frameworks */,
				231257DB1631332D00EDFF3A /* AdSupport.framework in Frameworks */,
				1D3A62EF176A4F6A00EDCF1A /* libGoogleAnalytics.a in Frameworks */,
			);
			runOnlyForDeploymentPostprocessing = 0;
		};
/* End PBXFrameworksBuildPhase section */

/* Begin PBXGroup section */
		23A4CFEE14212DBC006ADF52 /* DemoApp */ = {
			isa = PBXGroup;
			children = (
				23B83F1B14210534003DAFFE /* Supporting Files */,
				237C713614210758002DF422 /* AppDelegate.m */,
				1D3A62F1176A4FC100EDCF1A /* AppDelegate.h */,
				1D3A62F0176A4F7E00EDCF1A /* GANTracker.h */,
				23D5C9CF159408DC000E92C2 /* MyEnabledTapadIdentifiers.h */,
				237C714414210873002DF422 /* MainStoryboard_iPhone.storyboard */,
			);
			name = DemoApp;
			sourceTree = "<group>";
		};
		23B83F0514210534003DAFFE = {
			isa = PBXGroup;
			children = (
				2F180BD617A1CE4E00EC3F5F /* Tapestry.xcodeproj */,
				1D3A62F4176A502200EDCF1A /* CFNetwork.framework */,
				1D3A62F2176A500D00EDCF1A /* libsqlite3.0.dylib */,
				231257D8163132A800EDFF3A /* Default-568h@2x.png */,
				23A4CFEE14212DBC006ADF52 /* DemoApp */,
				23B83F1314210534003DAFFE /* Frameworks */,
				23B83F1114210534003DAFFE /* Products */,
			);
			sourceTree = "<group>";
		};
		23B83F1114210534003DAFFE /* Products */ = {
			isa = PBXGroup;
			children = (
				23B83F1014210534003DAFFE /* DemoApp.app */,
			);
			name = Products;
			sourceTree = "<group>";
		};
		23B83F1314210534003DAFFE /* Frameworks */ = {
			isa = PBXGroup;
			children = (
				1D3A62EE176A4F6A00EDCF1A /* libGoogleAnalytics.a */,
				23B83F1414210534003DAFFE /* UIKit.framework */,
				23B83F1614210534003DAFFE /* Foundation.framework */,
				23B83F1814210534003DAFFE /* CoreGraphics.framework */,
				231257DA1631332D00EDFF3A /* AdSupport.framework */,
			);
			name = Frameworks;
			sourceTree = "<group>";
		};
		23B83F1B14210534003DAFFE /* Supporting Files */ = {
			isa = PBXGroup;
			children = (
				237C7148142108A8002DF422 /* DemoApp-Info.plist */,
				237C713F1421085E002DF422 /* InfoPlist.strings */,
				237C713D1421081B002DF422 /* main.m */,
				23B83F2214210534003DAFFE /* DemoApp-Prefix.pch */,
			);
			name = "Supporting Files";
			path = DemoApp;
			sourceTree = "<group>";
		};
		2F180BD717A1CE4E00EC3F5F /* Products */ = {
			isa = PBXGroup;
			children = (
				2F180BDC17A1CE4E00EC3F5F /* libTapestry.a */,
				2F180BDE17A1CE4E00EC3F5F /* TapestryTests.octest */,
			);
			name = Products;
			sourceTree = "<group>";
		};
/* End PBXGroup section */

/* Begin PBXNativeTarget section */
		23B83F0F14210534003DAFFE /* DemoApp */ = {
			isa = PBXNativeTarget;
			buildConfigurationList = 23B83F3114210534003DAFFE /* Build configuration list for PBXNativeTarget "DemoApp" */;
			buildPhases = (
				23B83F0C14210534003DAFFE /* Sources */,
				23B83F0D14210534003DAFFE /* Frameworks */,
				23B83F0E14210534003DAFFE /* Resources */,
			);
			buildRules = (
				1D3A62ED176A4E7500EDCF1A /* PBXBuildRule */,
			);
			dependencies = (
			);
			name = DemoApp;
			productName = DemoApp;
			productReference = 23B83F1014210534003DAFFE /* DemoApp.app */;
			productType = "com.apple.product-type.application";
		};
/* End PBXNativeTarget section */

/* Begin PBXProject section */
		23B83F0714210534003DAFFE /* Project object */ = {
			isa = PBXProject;
			attributes = {
				LastUpgradeCheck = 0460;
			};
			buildConfigurationList = 23B83F0A14210534003DAFFE /* Build configuration list for PBXProject "GoogleAnalytics" */;
			compatibilityVersion = "Xcode 3.2";
			developmentRegion = English;
			hasScannedForEncodings = 0;
			knownRegions = (
				en,
			);
			mainGroup = 23B83F0514210534003DAFFE;
			productRefGroup = 23B83F1114210534003DAFFE /* Products */;
			projectDirPath = "";
			projectReferences = (
				{
					ProductGroup = 2F180BD717A1CE4E00EC3F5F /* Products */;
					ProjectRef = 2F180BD617A1CE4E00EC3F5F /* Tapestry.xcodeproj */;
				},
			);
			projectRoot = "";
			targets = (
				23B83F0F14210534003DAFFE /* DemoApp */,
			);
		};
/* End PBXProject section */

/* Begin PBXReferenceProxy section */
		2F180BDC17A1CE4E00EC3F5F /* libTapestry.a */ = {
			isa = PBXReferenceProxy;
			fileType = archive.ar;
			path = libTapestry.a;
			remoteRef = 2F180BDB17A1CE4E00EC3F5F /* PBXContainerItemProxy */;
			sourceTree = BUILT_PRODUCTS_DIR;
		};
		2F180BDE17A1CE4E00EC3F5F /* TapestryTests.octest */ = {
			isa = PBXReferenceProxy;
			fileType = wrapper.cfbundle;
			path = TapestryTests.octest;
			remoteRef = 2F180BDD17A1CE4E00EC3F5F /* PBXContainerItemProxy */;
			sourceTree = BUILT_PRODUCTS_DIR;
		};
/* End PBXReferenceProxy section */

/* Begin PBXResourcesBuildPhase section */
		23B83F0E14210534003DAFFE /* Resources */ = {
			isa = PBXResourcesBuildPhase;
			buildActionMask = 2147483647;
			files = (
				237C71411421085E002DF422 /* InfoPlist.strings in Resources */,
				237C714714210873002DF422 /* MainStoryboard_iPhone.storyboard in Resources */,
				231257D9163132A800EDFF3A /* Default-568h@2x.png in Resources */,
			);
			runOnlyForDeploymentPostprocessing = 0;
		};
/* End PBXResourcesBuildPhase section */

/* Begin PBXSourcesBuildPhase section */
		23B83F0C14210534003DAFFE /* Sources */ = {
			isa = PBXSourcesBuildPhase;
			buildActionMask = 2147483647;
			files = (
				237C713914210758002DF422 /* AppDelegate.m in Sources */,
				237C713E1421081B002DF422 /* main.m in Sources */,
			);
			runOnlyForDeploymentPostprocessing = 0;
		};
/* End PBXSourcesBuildPhase section */

/* Begin PBXVariantGroup section */
		237C713F1421085E002DF422 /* InfoPlist.strings */ = {
			isa = PBXVariantGroup;
			children = (
				237C71401421085E002DF422 /* en */,
			);
			name = InfoPlist.strings;
			sourceTree = "<group>";
		};
		237C714414210873002DF422 /* MainStoryboard_iPhone.storyboard */ = {
			isa = PBXVariantGroup;
			children = (
				237C714514210873002DF422 /* en */,
			);
			name = MainStoryboard_iPhone.storyboard;
			path = DemoApp;
			sourceTree = "<group>";
		};
/* End PBXVariantGroup section */

/* Begin XCBuildConfiguration section */
		23B83F2F14210534003DAFFE /* Debug */ = {
			isa = XCBuildConfiguration;
			buildSettings = {
				ALWAYS_SEARCH_USER_PATHS = NO;
				ARCHS = "$(ARCHS_STANDARD_32_BIT)";
				CLANG_ENABLE_OBJC_ARC = YES;
				CLANG_WARN_CONSTANT_CONVERSION = YES;
				CLANG_WARN_ENUM_CONVERSION = YES;
				CLANG_WARN_INT_CONVERSION = YES;
				CLANG_WARN__DUPLICATE_METHOD_MATCH = YES;
				"CODE_SIGN_IDENTITY[sdk=iphoneos*]" = "iPhone Developer";
				COPY_PHASE_STRIP = NO;
				GCC_C_LANGUAGE_STANDARD = gnu99;
				GCC_DYNAMIC_NO_PIC = NO;
				GCC_OPTIMIZATION_LEVEL = 0;
				GCC_PREPROCESSOR_DEFINITIONS = (
					"DEBUG=1",
					"$(inherited)",
				);
				GCC_SYMBOLS_PRIVATE_EXTERN = NO;
				GCC_VERSION = com.apple.compilers.llvm.clang.1_0;
				GCC_WARN_ABOUT_MISSING_PROTOTYPES = YES;
				GCC_WARN_ABOUT_RETURN_TYPE = YES;
				GCC_WARN_UNINITIALIZED_AUTOS = YES;
				GCC_WARN_UNUSED_VARIABLE = YES;
				HEADER_SEARCH_PATHS = "\"$(BUILT_PRODUCTS_DIR)/include/Headers/\"/**";
				IPHONEOS_DEPLOYMENT_TARGET = 5.0;
				OTHER_LDFLAGS = "-ObjC";
				SDKROOT = iphoneos;
				TARGETED_DEVICE_FAMILY = "1,2";
			};
			name = Debug;
		};
		23B83F3014210534003DAFFE /* Release */ = {
			isa = XCBuildConfiguration;
			buildSettings = {
				ALWAYS_SEARCH_USER_PATHS = NO;
				ARCHS = "$(ARCHS_STANDARD_32_BIT)";
				CLANG_ENABLE_OBJC_ARC = YES;
				CLANG_WARN_CONSTANT_CONVERSION = YES;
				CLANG_WARN_ENUM_CONVERSION = YES;
				CLANG_WARN_INT_CONVERSION = YES;
				CLANG_WARN__DUPLICATE_METHOD_MATCH = YES;
				"CODE_SIGN_IDENTITY[sdk=iphoneos*]" = "iPhone Developer";
				COPY_PHASE_STRIP = YES;
				GCC_C_LANGUAGE_STANDARD = gnu99;
				GCC_VERSION = com.apple.compilers.llvm.clang.1_0;
				GCC_WARN_ABOUT_MISSING_PROTOTYPES = YES;
				GCC_WARN_ABOUT_RETURN_TYPE = YES;
				GCC_WARN_UNINITIALIZED_AUTOS = YES;
				GCC_WARN_UNUSED_VARIABLE = YES;
				HEADER_SEARCH_PATHS = "\"$(BUILT_PRODUCTS_DIR)/include/Headers/\"/**";
				IPHONEOS_DEPLOYMENT_TARGET = 5.0;
				OTHER_CFLAGS = "-DNS_BLOCK_ASSERTIONS=1";
				OTHER_LDFLAGS = "-ObjC";
				SDKROOT = iphoneos;
				TARGETED_DEVICE_FAMILY = "1,2";
				VALIDATE_PRODUCT = YES;
			};
			name = Release;
		};
		23B83F3214210534003DAFFE /* Debug */ = {
			isa = XCBuildConfiguration;
			buildSettings = {
				CLANG_ENABLE_OBJC_ARC = NO;
				GCC_PRECOMPILE_PREFIX_HEADER = YES;
				GCC_PREFIX_HEADER = "DemoApp-Prefix.pch";
				INFOPLIST_FILE = "DemoApp-Info.plist";
				IPHONEOS_DEPLOYMENT_TARGET = 5.0;
				LIBRARY_SEARCH_PATHS = (
					"$(inherited)",
					"\"$(SRCROOT)\"",
				);
				PRODUCT_NAME = "$(TARGET_NAME)";
				WRAPPER_EXTENSION = app;
			};
			name = Debug;
		};
		23B83F3314210534003DAFFE /* Release */ = {
			isa = XCBuildConfiguration;
			buildSettings = {
				CLANG_ENABLE_OBJC_ARC = NO;
				GCC_PRECOMPILE_PREFIX_HEADER = YES;
				GCC_PREFIX_HEADER = "DemoApp-Prefix.pch";
				INFOPLIST_FILE = "DemoApp-Info.plist";
				IPHONEOS_DEPLOYMENT_TARGET = 5.0;
				LIBRARY_SEARCH_PATHS = (
					"$(inherited)",
					"\"$(SRCROOT)\"",
				);
				PRODUCT_NAME = "$(TARGET_NAME)";
				WRAPPER_EXTENSION = app;
			};
			name = Release;
		};
/* End XCBuildConfiguration section */

/* Begin XCConfigurationList section */
		23B83F0A14210534003DAFFE /* Build configuration list for PBXProject "GoogleAnalytics" */ = {
			isa = XCConfigurationList;
			buildConfigurations = (
				23B83F2F14210534003DAFFE /* Debug */,
				23B83F3014210534003DAFFE /* Release */,
			);
			defaultConfigurationIsVisible = 0;
			defaultConfigurationName = Release;
		};
		23B83F3114210534003DAFFE /* Build configuration list for PBXNativeTarget "DemoApp" */ = {
			isa = XCConfigurationList;
			buildConfigurations = (
				23B83F3214210534003DAFFE /* Debug */,
				23B83F3314210534003DAFFE /* Release */,
			);
			defaultConfigurationIsVisible = 0;
			defaultConfigurationName = Release;
		};
/* End XCConfigurationList section */
	};
	rootObject = 23B83F0714210534003DAFFE /* Project object */;
}
